// !$*UTF8*$!
{
	archiveVersion = 1;
	classes = {
	};
	objectVersion = 77;
	objects = {

/* Begin PBXBuildFile section */
		BA283BDF2ECCCB3D0065FFE0 /* FirebaseFunctions in Frameworks */ = {isa = PBXBuildFile; productRef = BA283BDE2ECCCB3D0065FFE0 /* FirebaseFunctions */; };
		BA58E5AE2EC3C2BA005DE376 /* FirebaseAnalytics in Frameworks */ = {isa = PBXBuildFile; productRef = BA58E5AD2EC3C2BA005DE376 /* FirebaseAnalytics */; };
		BA58E5B02EC3C2BA005DE376 /* FirebaseCrashlytics in Frameworks */ = {isa = PBXBuildFile; productRef = BA58E5AF2EC3C2BA005DE376 /* FirebaseCrashlytics */; };
		BA58E5B22EC3C2BA005DE376 /* FirebaseMessaging in Frameworks */ = {isa = PBXBuildFile; productRef = BA58E5B12EC3C2BA005DE376 /* FirebaseMessaging */; };
		BA58E5B42EC3C2BA005DE376 /* FirebasePerformance in Frameworks */ = {isa = PBXBuildFile; productRef = BA58E5B32EC3C2BA005DE376 /* FirebasePerformance */; };
		BA58E5B62EC3C2BA005DE376 /* FirebaseRemoteConfig in Frameworks */ = {isa = PBXBuildFile; productRef = BA58E5B52EC3C2BA005DE376 /* FirebaseRemoteConfig */; };
		BA6731D62EB33154005E3235 /* FirebaseAuth in Frameworks */ = {isa = PBXBuildFile; productRef = BA6731D52EB33154005E3235 /* FirebaseAuth */; };
		BA6731D82EB33154005E3235 /* FirebaseFirestore in Frameworks */ = {isa = PBXBuildFile; productRef = BA6731D72EB33154005E3235 /* FirebaseFirestore */; };
		BA6731DA2EB33154005E3235 /* FirebaseStorage in Frameworks */ = {isa = PBXBuildFile; productRef = BA6731D92EB33154005E3235 /* FirebaseStorage */; };
		BA8329652EDA2FEA0079A858 /* StripeIdentity in Frameworks */ = {isa = PBXBuildFile; productRef = BA8329642EDA2FEA0079A858 /* StripeIdentity */; };
/* End PBXBuildFile section */

/* Begin PBXContainerItemProxy section */
		BA6731742EB320C5005E3235 /* PBXContainerItemProxy */ = {
			isa = PBXContainerItemProxy;
			containerPortal = BA67315B2EB320C4005E3235 /* Project object */;
			proxyType = 1;
			remoteGlobalIDString = BA6731622EB320C4005E3235;
			remoteInfo = Celestia;
		};
		BA67317E2EB320C5005E3235 /* PBXContainerItemProxy */ = {
			isa = PBXContainerItemProxy;
			containerPortal = BA67315B2EB320C4005E3235 /* Project object */;
			proxyType = 1;
			remoteGlobalIDString = BA6731622EB320C4005E3235;
			remoteInfo = Celestia;
		};
/* End PBXContainerItemProxy section */

/* Begin PBXFileReference section */
		BA6731632EB320C4005E3235 /* Celestia.app */ = {isa = PBXFileReference; explicitFileType = wrapper.application; includeInIndex = 0; path = Celestia.app; sourceTree = BUILT_PRODUCTS_DIR; };
		BA6731732EB320C5005E3235 /* CelestiaTests.xctest */ = {isa = PBXFileReference; explicitFileType = wrapper.cfbundle; includeInIndex = 0; path = CelestiaTests.xctest; sourceTree = BUILT_PRODUCTS_DIR; };
		BA67317D2EB320C5005E3235 /* CelestiaUITests.xctest */ = {isa = PBXFileReference; explicitFileType = wrapper.cfbundle; includeInIndex = 0; path = CelestiaUITests.xctest; sourceTree = BUILT_PRODUCTS_DIR; };
/* End PBXFileReference section */

/* Begin PBXFileSystemSynchronizedRootGroup section */
		BA6731652EB320C4005E3235 /* Celestia */ = {
			isa = PBXFileSystemSynchronizedRootGroup;
			path = Celestia;
			sourceTree = "<group>";
		};
		BA6731762EB320C5005E3235 /* CelestiaTests */ = {
			isa = PBXFileSystemSynchronizedRootGroup;
			path = CelestiaTests;
			sourceTree = "<group>";
		};
		BA6731802EB320C5005E3235 /* CelestiaUITests */ = {
			isa = PBXFileSystemSynchronizedRootGroup;
			path = CelestiaUITests;
			sourceTree = "<group>";
		};
/* End PBXFileSystemSynchronizedRootGroup section */

/* Begin PBXFrameworksBuildPhase section */
		BA6731602EB320C4005E3235 /* Frameworks */ = {
			isa = PBXFrameworksBuildPhase;
			buildActionMask = 2147483647;
			files = (
				BA58E5B42EC3C2BA005DE376 /* FirebasePerformance in Frameworks */,
				BA58E5B22EC3C2BA005DE376 /* FirebaseMessaging in Frameworks */,
				BA6731D62EB33154005E3235 /* FirebaseAuth in Frameworks */,
				BA283BDF2ECCCB3D0065FFE0 /* FirebaseFunctions in Frameworks */,
				BA6731D82EB33154005E3235 /* FirebaseFirestore in Frameworks */,
				BA58E5B02EC3C2BA005DE376 /* FirebaseCrashlytics in Frameworks */,
				BA58E5AE2EC3C2BA005DE376 /* FirebaseAnalytics in Frameworks */,
				BA8329652EDA2FEA0079A858 /* StripeIdentity in Frameworks */,
				BA6731DA2EB33154005E3235 /* FirebaseStorage in Frameworks */,
				BA58E5B62EC3C2BA005DE376 /* FirebaseRemoteConfig in Frameworks */,
			);
			runOnlyForDeploymentPostprocessing = 0;
		};
		BA6731702EB320C5005E3235 /* Frameworks */ = {
			isa = PBXFrameworksBuildPhase;
			buildActionMask = 2147483647;
			files = (
			);
			runOnlyForDeploymentPostprocessing = 0;
		};
		BA67317A2EB320C5005E3235 /* Frameworks */ = {
			isa = PBXFrameworksBuildPhase;
			buildActionMask = 2147483647;
			files = (
			);
			runOnlyForDeploymentPostprocessing = 0;
		};
/* End PBXFrameworksBuildPhase section */

/* Begin PBXGroup section */
		BA67315A2EB320C4005E3235 = {
			isa = PBXGroup;
			children = (
				BA6731652EB320C4005E3235 /* Celestia */,
				BA6731762EB320C5005E3235 /* CelestiaTests */,
				BA6731802EB320C5005E3235 /* CelestiaUITests */,
				BA6731642EB320C4005E3235 /* Products */,
			);
			sourceTree = "<group>";
		};
		BA6731642EB320C4005E3235 /* Products */ = {
			isa = PBXGroup;
			children = (
				BA6731632EB320C4005E3235 /* Celestia.app */,
				BA6731732EB320C5005E3235 /* CelestiaTests.xctest */,
				BA67317D2EB320C5005E3235 /* CelestiaUITests.xctest */,
			);
			name = Products;
			sourceTree = "<group>";
		};
/* End PBXGroup section */

/* Begin PBXNativeTarget section */
		BA6731622EB320C4005E3235 /* Celestia */ = {
			isa = PBXNativeTarget;
			buildConfigurationList = BA6731872EB320C5005E3235 /* Build configuration list for PBXNativeTarget "Celestia" */;
			buildPhases = (
				BA67315F2EB320C4005E3235 /* Sources */,
				BA6731602EB320C4005E3235 /* Frameworks */,
				BA6731612EB320C4005E3235 /* Resources */,
			);
			buildRules = (
			);
			dependencies = (
			);
			fileSystemSynchronizedGroups = (
				BA6731652EB320C4005E3235 /* Celestia */,
			);
			name = Celestia;
			packageProductDependencies = (
				BA6731D52EB33154005E3235 /* FirebaseAuth */,
				BA6731D72EB33154005E3235 /* FirebaseFirestore */,
				BA6731D92EB33154005E3235 /* FirebaseStorage */,
				BA58E5AD2EC3C2BA005DE376 /* FirebaseAnalytics */,
				BA58E5AF2EC3C2BA005DE376 /* FirebaseCrashlytics */,
				BA58E5B12EC3C2BA005DE376 /* FirebaseMessaging */,
				BA58E5B32EC3C2BA005DE376 /* FirebasePerformance */,
				BA58E5B52EC3C2BA005DE376 /* FirebaseRemoteConfig */,
				BA283BDE2ECCCB3D0065FFE0 /* FirebaseFunctions */,
				BA8329642EDA2FEA0079A858 /* StripeIdentity */,
			);
			productName = Celestia;
			productReference = BA6731632EB320C4005E3235 /* Celestia.app */;
			productType = "com.apple.product-type.application";
		};
		BA6731722EB320C5005E3235 /* CelestiaTests */ = {
			isa = PBXNativeTarget;
			buildConfigurationList = BA67318A2EB320C5005E3235 /* Build configuration list for PBXNativeTarget "CelestiaTests" */;
			buildPhases = (
				BA67316F2EB320C5005E3235 /* Sources */,
				BA6731702EB320C5005E3235 /* Frameworks */,
				BA6731712EB320C5005E3235 /* Resources */,
			);
			buildRules = (
			);
			dependencies = (
				BA6731752EB320C5005E3235 /* PBXTargetDependency */,
			);
			fileSystemSynchronizedGroups = (
				BA6731762EB320C5005E3235 /* CelestiaTests */,
			);
			name = CelestiaTests;
			packageProductDependencies = (
			);
			productName = CelestiaTests;
			productReference = BA6731732EB320C5005E3235 /* CelestiaTests.xctest */;
			productType = "com.apple.product-type.bundle.unit-test";
		};
		BA67317C2EB320C5005E3235 /* CelestiaUITests */ = {
			isa = PBXNativeTarget;
			buildConfigurationList = BA67318D2EB320C5005E3235 /* Build configuration list for PBXNativeTarget "CelestiaUITests" */;
			buildPhases = (
				BA6731792EB320C5005E3235 /* Sources */,
				BA67317A2EB320C5005E3235 /* Frameworks */,
				BA67317B2EB320C5005E3235 /* Resources */,
			);
			buildRules = (
			);
			dependencies = (
				BA67317F2EB320C5005E3235 /* PBXTargetDependency */,
			);
			fileSystemSynchronizedGroups = (
				BA6731802EB320C5005E3235 /* CelestiaUITests */,
			);
			name = CelestiaUITests;
			packageProductDependencies = (
			);
			productName = CelestiaUITests;
			productReference = BA67317D2EB320C5005E3235 /* CelestiaUITests.xctest */;
			productType = "com.apple.product-type.bundle.ui-testing";
		};
/* End PBXNativeTarget section */

/* Begin PBXProject section */
		BA67315B2EB320C4005E3235 /* Project object */ = {
			isa = PBXProject;
			attributes = {
				BuildIndependentTargetsInParallel = 1;
				LastSwiftUpdateCheck = 1620;
				LastUpgradeCheck = 1620;
				TargetAttributes = {
					BA6731622EB320C4005E3235 = {
						CreatedOnToolsVersion = 16.2;
					};
					BA6731722EB320C5005E3235 = {
						CreatedOnToolsVersion = 16.2;
						TestTargetID = BA6731622EB320C4005E3235;
					};
					BA67317C2EB320C5005E3235 = {
						CreatedOnToolsVersion = 16.2;
						TestTargetID = BA6731622EB320C4005E3235;
					};
				};
			};
			buildConfigurationList = BA67315E2EB320C4005E3235 /* Build configuration list for PBXProject "Celestia" */;
			developmentRegion = en;
			hasScannedForEncodings = 0;
			knownRegions = (
				en,
				Base,
				es,
				pt,
				fr,
				de,
			);
			mainGroup = BA67315A2EB320C4005E3235;
			minimizedProjectReferenceProxies = 1;
			packageReferences = (
				BA6731D42EB33154005E3235 /* XCRemoteSwiftPackageReference "firebase-ios-sdk" */,
				BA8329632EDA2FEA0079A858 /* XCRemoteSwiftPackageReference "stripe-ios" */,
			);
			preferredProjectObjectVersion = 77;
			productRefGroup = BA6731642EB320C4005E3235 /* Products */;
			projectDirPath = "";
			projectRoot = "";
			targets = (
				BA6731622EB320C4005E3235 /* Celestia */,
				BA6731722EB320C5005E3235 /* CelestiaTests */,
				BA67317C2EB320C5005E3235 /* CelestiaUITests */,
			);
		};
/* End PBXProject section */

/* Begin PBXResourcesBuildPhase section */
		BA6731612EB320C4005E3235 /* Resources */ = {
			isa = PBXResourcesBuildPhase;
			buildActionMask = 2147483647;
			files = (
			);
			runOnlyForDeploymentPostprocessing = 0;
		};
		BA6731712EB320C5005E3235 /* Resources */ = {
			isa = PBXResourcesBuildPhase;
			buildActionMask = 2147483647;
			files = (
			);
			runOnlyForDeploymentPostprocessing = 0;
		};
		BA67317B2EB320C5005E3235 /* Resources */ = {
			isa = PBXResourcesBuildPhase;
			buildActionMask = 2147483647;
			files = (
			);
			runOnlyForDeploymentPostprocessing = 0;
		};
/* End PBXResourcesBuildPhase section */

/* Begin PBXSourcesBuildPhase section */
		BA67315F2EB320C4005E3235 /* Sources */ = {
			isa = PBXSourcesBuildPhase;
			buildActionMask = 2147483647;
			files = (
			);
			runOnlyForDeploymentPostprocessing = 0;
		};
		BA67316F2EB320C5005E3235 /* Sources */ = {
			isa = PBXSourcesBuildPhase;
			buildActionMask = 2147483647;
			files = (
			);
			runOnlyForDeploymentPostprocessing = 0;
		};
		BA6731792EB320C5005E3235 /* Sources */ = {
			isa = PBXSourcesBuildPhase;
			buildActionMask = 2147483647;
			files = (
			);
			runOnlyForDeploymentPostprocessing = 0;
		};
/* End PBXSourcesBuildPhase section */

/* Begin PBXTargetDependency section */
		BA6731752EB320C5005E3235 /* PBXTargetDependency */ = {
			isa = PBXTargetDependency;
			target = BA6731622EB320C4005E3235 /* Celestia */;
			targetProxy = BA6731742EB320C5005E3235 /* PBXContainerItemProxy */;
		};
		BA67317F2EB320C5005E3235 /* PBXTargetDependency */ = {
			isa = PBXTargetDependency;
			target = BA6731622EB320C4005E3235 /* Celestia */;
			targetProxy = BA67317E2EB320C5005E3235 /* PBXContainerItemProxy */;
		};
/* End PBXTargetDependency section */

/* Begin XCBuildConfiguration section */
		BA6731852EB320C5005E3235 /* Debug */ = {
			isa = XCBuildConfiguration;
			buildSettings = {
				ALWAYS_SEARCH_USER_PATHS = NO;
				ASSETCATALOG_COMPILER_GENERATE_SWIFT_ASSET_SYMBOL_EXTENSIONS = YES;
				CLANG_ANALYZER_NONNULL = YES;
				CLANG_ANALYZER_NUMBER_OBJECT_CONVERSION = YES_AGGRESSIVE;
				CLANG_CXX_LANGUAGE_STANDARD = "gnu++20";
				CLANG_ENABLE_MODULES = YES;
				CLANG_ENABLE_OBJC_ARC = YES;
				CLANG_ENABLE_OBJC_WEAK = YES;
				CLANG_WARN_BLOCK_CAPTURE_AUTORELEASING = YES;
				CLANG_WARN_BOOL_CONVERSION = YES;
				CLANG_WARN_COMMA = YES;
				CLANG_WARN_CONSTANT_CONVERSION = YES;
				CLANG_WARN_DEPRECATED_OBJC_IMPLEMENTATIONS = YES;
				CLANG_WARN_DIRECT_OBJC_ISA_USAGE = YES_ERROR;
				CLANG_WARN_DOCUMENTATION_COMMENTS = YES;
				CLANG_WARN_EMPTY_BODY = YES;
				CLANG_WARN_ENUM_CONVERSION = YES;
				CLANG_WARN_INFINITE_RECURSION = YES;
				CLANG_WARN_INT_CONVERSION = YES;
				CLANG_WARN_NON_LITERAL_NULL_CONVERSION = YES;
				CLANG_WARN_OBJC_IMPLICIT_RETAIN_SELF = YES;
				CLANG_WARN_OBJC_LITERAL_CONVERSION = YES;
				CLANG_WARN_OBJC_ROOT_CLASS = YES_ERROR;
				CLANG_WARN_QUOTED_INCLUDE_IN_FRAMEWORK_HEADER = YES;
				CLANG_WARN_RANGE_LOOP_ANALYSIS = YES;
				CLANG_WARN_STRICT_PROTOTYPES = YES;
				CLANG_WARN_SUSPICIOUS_MOVE = YES;
				CLANG_WARN_UNGUARDED_AVAILABILITY = YES_AGGRESSIVE;
				CLANG_WARN_UNREACHABLE_CODE = YES;
				CLANG_WARN__DUPLICATE_METHOD_MATCH = YES;
				COPY_PHASE_STRIP = NO;
				DEBUG_INFORMATION_FORMAT = dwarf;
				ENABLE_STRICT_OBJC_MSGSEND = YES;
				ENABLE_TESTABILITY = YES;
				ENABLE_USER_SCRIPT_SANDBOXING = YES;
				GCC_C_LANGUAGE_STANDARD = gnu17;
				GCC_DYNAMIC_NO_PIC = NO;
				GCC_NO_COMMON_BLOCKS = YES;
				GCC_OPTIMIZATION_LEVEL = 0;
				GCC_PREPROCESSOR_DEFINITIONS = (
					"DEBUG=1",
					"$(inherited)",
				);
				GCC_WARN_64_TO_32_BIT_CONVERSION = YES;
				GCC_WARN_ABOUT_RETURN_TYPE = YES_ERROR;
				GCC_WARN_UNDECLARED_SELECTOR = YES;
				GCC_WARN_UNINITIALIZED_AUTOS = YES_AGGRESSIVE;
				GCC_WARN_UNUSED_FUNCTION = YES;
				GCC_WARN_UNUSED_VARIABLE = YES;
				IPHONEOS_DEPLOYMENT_TARGET = 18.2;
				LOCALIZATION_PREFERS_STRING_CATALOGS = YES;
				MTL_ENABLE_DEBUG_INFO = INCLUDE_SOURCE;
				MTL_FAST_MATH = YES;
				ONLY_ACTIVE_ARCH = YES;
				SDKROOT = iphoneos;
				SWIFT_ACTIVE_COMPILATION_CONDITIONS = "DEBUG $(inherited)";
				SWIFT_OPTIMIZATION_LEVEL = "-Onone";
			};
			name = Debug;
		};
		BA6731862EB320C5005E3235 /* Release */ = {
			isa = XCBuildConfiguration;
			buildSettings = {
				ALWAYS_SEARCH_USER_PATHS = NO;
				ASSETCATALOG_COMPILER_GENERATE_SWIFT_ASSET_SYMBOL_EXTENSIONS = YES;
				CLANG_ANALYZER_NONNULL = YES;
				CLANG_ANALYZER_NUMBER_OBJECT_CONVERSION = YES_AGGRESSIVE;
				CLANG_CXX_LANGUAGE_STANDARD = "gnu++20";
				CLANG_ENABLE_MODULES = YES;
				CLANG_ENABLE_OBJC_ARC = YES;
				CLANG_ENABLE_OBJC_WEAK = YES;
				CLANG_WARN_BLOCK_CAPTURE_AUTORELEASING = YES;
				CLANG_WARN_BOOL_CONVERSION = YES;
				CLANG_WARN_COMMA = YES;
				CLANG_WARN_CONSTANT_CONVERSION = YES;
				CLANG_WARN_DEPRECATED_OBJC_IMPLEMENTATIONS = YES;
				CLANG_WARN_DIRECT_OBJC_ISA_USAGE = YES_ERROR;
				CLANG_WARN_DOCUMENTATION_COMMENTS = YES;
				CLANG_WARN_EMPTY_BODY = YES;
				CLANG_WARN_ENUM_CONVERSION = YES;
				CLANG_WARN_INFINITE_RECURSION = YES;
				CLANG_WARN_INT_CONVERSION = YES;
				CLANG_WARN_NON_LITERAL_NULL_CONVERSION = YES;
				CLANG_WARN_OBJC_IMPLICIT_RETAIN_SELF = YES;
				CLANG_WARN_OBJC_LITERAL_CONVERSION = YES;
				CLANG_WARN_OBJC_ROOT_CLASS = YES_ERROR;
				CLANG_WARN_QUOTED_INCLUDE_IN_FRAMEWORK_HEADER = YES;
				CLANG_WARN_RANGE_LOOP_ANALYSIS = YES;
				CLANG_WARN_STRICT_PROTOTYPES = YES;
				CLANG_WARN_SUSPICIOUS_MOVE = YES;
				CLANG_WARN_UNGUARDED_AVAILABILITY = YES_AGGRESSIVE;
				CLANG_WARN_UNREACHABLE_CODE = YES;
				CLANG_WARN__DUPLICATE_METHOD_MATCH = YES;
				COPY_PHASE_STRIP = NO;
				DEBUG_INFORMATION_FORMAT = "dwarf-with-dsym";
				ENABLE_NS_ASSERTIONS = NO;
				ENABLE_STRICT_OBJC_MSGSEND = YES;
				ENABLE_USER_SCRIPT_SANDBOXING = YES;
				GCC_C_LANGUAGE_STANDARD = gnu17;
				GCC_NO_COMMON_BLOCKS = YES;
				GCC_WARN_64_TO_32_BIT_CONVERSION = YES;
				GCC_WARN_ABOUT_RETURN_TYPE = YES_ERROR;
				GCC_WARN_UNDECLARED_SELECTOR = YES;
				GCC_WARN_UNINITIALIZED_AUTOS = YES_AGGRESSIVE;
				GCC_WARN_UNUSED_FUNCTION = YES;
				GCC_WARN_UNUSED_VARIABLE = YES;
				IPHONEOS_DEPLOYMENT_TARGET = 18.2;
				LOCALIZATION_PREFERS_STRING_CATALOGS = YES;
				MTL_ENABLE_DEBUG_INFO = NO;
				MTL_FAST_MATH = YES;
				SDKROOT = iphoneos;
				SWIFT_COMPILATION_MODE = wholemodule;
				VALIDATE_PRODUCT = YES;
			};
			name = Release;
		};
		BA6731882EB320C5005E3235 /* Debug */ = {
			isa = XCBuildConfiguration;
			buildSettings = {
				ASSETCATALOG_COMPILER_APPICON_NAME = AppIcon;
				ASSETCATALOG_COMPILER_GLOBAL_ACCENT_COLOR_NAME = AccentColor;
				CODE_SIGN_ENTITLEMENTS = Celestia/Celestia.entitlements;
				CODE_SIGN_STYLE = Automatic;
				CURRENT_PROJECT_VERSION = 1;
				DEVELOPMENT_ASSET_PATHS = "\"Celestia/Preview Content\"";
				DEVELOPMENT_TEAM = Z86968747M;
				ENABLE_PREVIEWS = YES;
				GENERATE_INFOPLIST_FILE = YES;
				INFOPLIST_KEY_CFBundleIconName = AppIcon;
				INFOPLIST_KEY_NSCameraUsageDescription = "We need camera access to verify your identity by scanning your ID and taking a selfie.";
				INFOPLIST_KEY_UIApplicationSceneManifest_Generation = YES;
				INFOPLIST_KEY_UIApplicationSupportsIndirectInputEvents = YES;
				INFOPLIST_KEY_UILaunchScreen_Generation = YES;
				INFOPLIST_KEY_UISupportedInterfaceOrientations_iPad = "UIInterfaceOrientationPortrait UIInterfaceOrientationPortraitUpsideDown UIInterfaceOrientationLandscapeLeft UIInterfaceOrientationLandscapeRight";
				INFOPLIST_KEY_UISupportedInterfaceOrientations_iPhone = "UIInterfaceOrientationPortrait UIInterfaceOrientationLandscapeLeft UIInterfaceOrientationLandscapeRight";
				LD_RUNPATH_SEARCH_PATHS = (
					"$(inherited)",
					"@executable_path/Frameworks",
				);
				MARKETING_VERSION = 1.0;
				PRODUCT_BUNDLE_IDENTIFIER = Celestia.Celestia;
				PRODUCT_NAME = "$(TARGET_NAME)";
				SWIFT_EMIT_LOC_STRINGS = YES;
				SWIFT_VERSION = 5.0;
				TARGETED_DEVICE_FAMILY = "1,2";
			};
			name = Debug;
		};
		BA6731892EB320C5005E3235 /* Release */ = {
			isa = XCBuildConfiguration;
			buildSettings = {
				ASSETCATALOG_COMPILER_APPICON_NAME = AppIcon;
				ASSETCATALOG_COMPILER_GLOBAL_ACCENT_COLOR_NAME = AccentColor;
				CODE_SIGN_ENTITLEMENTS = Celestia/Celestia.entitlements;
				CODE_SIGN_STYLE = Automatic;
				CURRENT_PROJECT_VERSION = 1;
				DEVELOPMENT_ASSET_PATHS = "\"Celestia/Preview Content\"";
				DEVELOPMENT_TEAM = Z86968747M;
				ENABLE_PREVIEWS = YES;
				GENERATE_INFOPLIST_FILE = YES;
				INFOPLIST_KEY_CFBundleIconName = AppIcon;
				INFOPLIST_KEY_NSCameraUsageDescription = "We need camera access to verify your identity by scanning your ID and taking a selfie.";
				INFOPLIST_KEY_UIApplicationSceneManifest_Generation = YES;
				INFOPLIST_KEY_UIApplicationSupportsIndirectInputEvents = YES;
				INFOPLIST_KEY_UILaunchScreen_Generation = YES;
				INFOPLIST_KEY_UISupportedInterfaceOrientations_iPad = "UIInterfaceOrientationPortrait UIInterfaceOrientationPortraitUpsideDown UIInterfaceOrientationLandscapeLeft UIInterfaceOrientationLandscapeRight";
				INFOPLIST_KEY_UISupportedInterfaceOrientations_iPhone = "UIInterfaceOrientationPortrait UIInterfaceOrientationLandscapeLeft UIInterfaceOrientationLandscapeRight";
				LD_RUNPATH_SEARCH_PATHS = (
					"$(inherited)",
					"@executable_path/Frameworks",
				);
				MARKETING_VERSION = 1.0;
				PRODUCT_BUNDLE_IDENTIFIER = Celestia.Celestia;
				PRODUCT_NAME = "$(TARGET_NAME)";
				SWIFT_EMIT_LOC_STRINGS = YES;
				SWIFT_VERSION = 5.0;
				TARGETED_DEVICE_FAMILY = "1,2";
			};
			name = Release;
		};
		BA67318B2EB320C5005E3235 /* Debug */ = {
			isa = XCBuildConfiguration;
			buildSettings = {
				BUNDLE_LOADER = "$(TEST_HOST)";
				CODE_SIGN_STYLE = Automatic;
				CURRENT_PROJECT_VERSION = 1;
				DEVELOPMENT_TEAM = Z86968747M;
				GENERATE_INFOPLIST_FILE = YES;
				IPHONEOS_DEPLOYMENT_TARGET = 18.2;
				MARKETING_VERSION = 1.0;
				PRODUCT_BUNDLE_IDENTIFIER = Celestia.CelestiaTests;
				PRODUCT_NAME = "$(TARGET_NAME)";
				SWIFT_EMIT_LOC_STRINGS = NO;
				SWIFT_VERSION = 5.0;
				TARGETED_DEVICE_FAMILY = "1,2";
				TEST_HOST = "$(BUILT_PRODUCTS_DIR)/Celestia.app/$(BUNDLE_EXECUTABLE_FOLDER_PATH)/Celestia";
			};
			name = Debug;
		};
		BA67318C2EB320C5005E3235 /* Release */ = {
			isa = XCBuildConfiguration;
			buildSettings = {
				BUNDLE_LOADER = "$(TEST_HOST)";
				CODE_SIGN_STYLE = Automatic;
				CURRENT_PROJECT_VERSION = 1;
				DEVELOPMENT_TEAM = Z86968747M;
				GENERATE_INFOPLIST_FILE = YES;
				IPHONEOS_DEPLOYMENT_TARGET = 18.2;
				MARKETING_VERSION = 1.0;
				PRODUCT_BUNDLE_IDENTIFIER = Celestia.CelestiaTests;
				PRODUCT_NAME = "$(TARGET_NAME)";
				SWIFT_EMIT_LOC_STRINGS = NO;
				SWIFT_VERSION = 5.0;
				TARGETED_DEVICE_FAMILY = "1,2";
				TEST_HOST = "$(BUILT_PRODUCTS_DIR)/Celestia.app/$(BUNDLE_EXECUTABLE_FOLDER_PATH)/Celestia";
			};
			name = Release;
		};
		BA67318E2EB320C5005E3235 /* Debug */ = {
			isa = XCBuildConfiguration;
			buildSettings = {
				CODE_SIGN_STYLE = Automatic;
				CURRENT_PROJECT_VERSION = 1;
				DEVELOPMENT_TEAM = Z86968747M;
				GENERATE_INFOPLIST_FILE = YES;
				MARKETING_VERSION = 1.0;
				PRODUCT_BUNDLE_IDENTIFIER = Celestia.CelestiaUITests;
				PRODUCT_NAME = "$(TARGET_NAME)";
				SWIFT_EMIT_LOC_STRINGS = NO;
				SWIFT_VERSION = 5.0;
				TARGETED_DEVICE_FAMILY = "1,2";
				TEST_TARGET_NAME = Celestia;
			};
			name = Debug;
		};
		BA67318F2EB320C5005E3235 /* Release */ = {
			isa = XCBuildConfiguration;
			buildSettings = {
				CODE_SIGN_STYLE = Automatic;
				CURRENT_PROJECT_VERSION = 1;
				DEVELOPMENT_TEAM = Z86968747M;
				GENERATE_INFOPLIST_FILE = YES;
				MARKETING_VERSION = 1.0;
				PRODUCT_BUNDLE_IDENTIFIER = Celestia.CelestiaUITests;
				PRODUCT_NAME = "$(TARGET_NAME)";
				SWIFT_EMIT_LOC_STRINGS = NO;
				SWIFT_VERSION = 5.0;
				TARGETED_DEVICE_FAMILY = "1,2";
				TEST_TARGET_NAME = Celestia;
			};
			name = Release;
		};
/* End XCBuildConfiguration section */

/* Begin XCConfigurationList section */
		BA67315E2EB320C4005E3235 /* Build configuration list for PBXProject "Celestia" */ = {
			isa = XCConfigurationList;
			buildConfigurations = (
				BA6731852EB320C5005E3235 /* Debug */,
				BA6731862EB320C5005E3235 /* Release */,
			);
			defaultConfigurationIsVisible = 0;
			defaultConfigurationName = Release;
		};
		BA6731872EB320C5005E3235 /* Build configuration list for PBXNativeTarget "Celestia" */ = {
			isa = XCConfigurationList;
			buildConfigurations = (
				BA6731882EB320C5005E3235 /* Debug */,
				BA6731892EB320C5005E3235 /* Release */,
			);
			defaultConfigurationIsVisible = 0;
			defaultConfigurationName = Release;
		};
		BA67318A2EB320C5005E3235 /* Build configuration list for PBXNativeTarget "CelestiaTests" */ = {
			isa = XCConfigurationList;
			buildConfigurations = (
				BA67318B2EB320C5005E3235 /* Debug */,
				BA67318C2EB320C5005E3235 /* Release */,
			);
			defaultConfigurationIsVisible = 0;
			defaultConfigurationName = Release;
		};
		BA67318D2EB320C5005E3235 /* Build configuration list for PBXNativeTarget "CelestiaUITests" */ = {
			isa = XCConfigurationList;
			buildConfigurations = (
				BA67318E2EB320C5005E3235 /* Debug */,
				BA67318F2EB320C5005E3235 /* Release */,
			);
			defaultConfigurationIsVisible = 0;
			defaultConfigurationName = Release;
		};
/* End XCConfigurationList section */

/* Begin XCRemoteSwiftPackageReference section */
		BA6731D42EB33154005E3235 /* XCRemoteSwiftPackageReference "firebase-ios-sdk" */ = {
			isa = XCRemoteSwiftPackageReference;
			repositoryURL = "https://github.com/firebase/firebase-ios-sdk.git";
			requirement = {
				kind = upToNextMajorVersion;
				minimumVersion = 12.5.0;
			};
		};
		BA8329632EDA2FEA0079A858 /* XCRemoteSwiftPackageReference "stripe-ios" */ = {
			isa = XCRemoteSwiftPackageReference;
			repositoryURL = "https://github.com/stripe/stripe-ios";
			requirement = {
				kind = upToNextMajorVersion;
				minimumVersion = 25.1.1;
			};
		};
/* End XCRemoteSwiftPackageReference section */

/* Begin XCSwiftPackageProductDependency section */
		BA283BDE2ECCCB3D0065FFE0 /* FirebaseFunctions */ = {
			isa = XCSwiftPackageProductDependency;
			package = BA6731D42EB33154005E3235 /* XCRemoteSwiftPackageReference "firebase-ios-sdk" */;
			productName = FirebaseFunctions;
		};
		BA58E5AD2EC3C2BA005DE376 /* FirebaseAnalytics */ = {
			isa = XCSwiftPackageProductDependency;
			package = BA6731D42EB33154005E3235 /* XCRemoteSwiftPackageReference "firebase-ios-sdk" */;
			productName = FirebaseAnalytics;
		};
		BA58E5AF2EC3C2BA005DE376 /* FirebaseCrashlytics */ = {
			isa = XCSwiftPackageProductDependency;
			package = BA6731D42EB33154005E3235 /* XCRemoteSwiftPackageReference "firebase-ios-sdk" */;
			productName = FirebaseCrashlytics;
		};
		BA58E5B12EC3C2BA005DE376 /* FirebaseMessaging */ = {
			isa = XCSwiftPackageProductDependency;
			package = BA6731D42EB33154005E3235 /* XCRemoteSwiftPackageReference "firebase-ios-sdk" */;
			productName = FirebaseMessaging;
		};
		BA58E5B32EC3C2BA005DE376 /* FirebasePerformance */ = {
			isa = XCSwiftPackageProductDependency;
			package = BA6731D42EB33154005E3235 /* XCRemoteSwiftPackageReference "firebase-ios-sdk" */;
			productName = FirebasePerformance;
		};
		BA58E5B52EC3C2BA005DE376 /* FirebaseRemoteConfig */ = {
			isa = XCSwiftPackageProductDependency;
			package = BA6731D42EB33154005E3235 /* XCRemoteSwiftPackageReference "firebase-ios-sdk" */;
			productName = FirebaseRemoteConfig;
		};
		BA6731D52EB33154005E3235 /* FirebaseAuth */ = {
			isa = XCSwiftPackageProductDependency;
			package = BA6731D42EB33154005E3235 /* XCRemoteSwiftPackageReference "firebase-ios-sdk" */;
			productName = FirebaseAuth;
		};
		BA6731D72EB33154005E3235 /* FirebaseFirestore */ = {
			isa = XCSwiftPackageProductDependency;
			package = BA6731D42EB33154005E3235 /* XCRemoteSwiftPackageReference "firebase-ios-sdk" */;
			productName = FirebaseFirestore;
		};
		BA6731D92EB33154005E3235 /* FirebaseStorage */ = {
			isa = XCSwiftPackageProductDependency;
			package = BA6731D42EB33154005E3235 /* XCRemoteSwiftPackageReference "firebase-ios-sdk" */;
			productName = FirebaseStorage;
		};
		BA8329642EDA2FEA0079A858 /* StripeIdentity */ = {
			isa = XCSwiftPackageProductDependency;
			package = BA8329632EDA2FEA0079A858 /* XCRemoteSwiftPackageReference "stripe-ios" */;
			productName = StripeIdentity;
		};
/* End XCSwiftPackageProductDependency section */
	};
	rootObject = BA67315B2EB320C4005E3235 /* Project object */;
}
